
Microsoft Visual Studio Solution File, Format Version 12.00
# Visual Studio Version 17
VisualStudioVersion = 17.4.32804.182
MinimumVisualStudioVersion = 10.0.40219.1
Project("{9A19103F-16F7-4668-BE54-9A1E7A4F7556}") = "gamevault", "gamevault\gamevault.csproj", "{4B99B996-4FBE-400C-B905-73ECA8BC2E7C}"
EndProject
# Project("{C7167F0D-BC9F-4E6E-AFE1-012C56B48DB5}") = "DeveloperEditionPackage", "DeveloperEditionPackage\DeveloperEditionPackage.wapproj", "{EDB8E9A6-3F7B-45C3-B149-97B6A6D93B95}"
# EndProject
# Project("{C7167F0D-BC9F-4E6E-AFE1-012C56B48DB5}") = "ReleasePackage", "ReleasePackage\ReleasePackage.wapproj", "{954AE526-06C6-4B94-B4F7-826564DF5A80}"
# EndProject
Global
	GlobalSection(SolutionConfigurationPlatforms) = preSolution
		Debug|Any CPU = Debug|Any CPU
		Debug|ARM = Debug|ARM
		Debug|ARM64 = Debug|ARM64
		Debug|x64 = Debug|x64
		Debug|x86 = Debug|x86
		Release|Any CPU = Release|Any CPU
		Release|ARM = Release|ARM
		Release|ARM64 = Release|ARM64
		Release|x64 = Release|x64
		Release|x86 = Release|x86
	EndGlobalSection
	GlobalSection(ProjectConfigurationPlatforms) = postSolution
		{4B99B996-4FBE-400C-B905-73ECA8BC2E7C}.Debug|Any CPU.ActiveCfg = Debug|Any CPU
		{4B99B996-4FBE-400C-B905-73ECA8BC2E7C}.Debug|Any CPU.Build.0 = Debug|Any CPU
		{4B99B996-4FBE-400C-B905-73ECA8BC2E7C}.Debug|ARM.ActiveCfg = Debug|Any CPU
		{4B99B996-4FBE-400C-B905-73ECA8BC2E7C}.Debug|ARM.Build.0 = Debug|Any CPU
		{4B99B996-4FBE-400C-B905-73ECA8BC2E7C}.Debug|ARM64.ActiveCfg = Debug|Any CPU
		{4B99B996-4FBE-400C-B905-73ECA8BC2E7C}.Debug|ARM64.Build.0 = Debug|Any CPU
		{4B99B996-4FBE-400C-B905-73ECA8BC2E7C}.Debug|x64.ActiveCfg = Debug|x64
		{4B99B996-4FBE-400C-B905-73ECA8BC2E7C}.Debug|x64.Build.0 = Debug|x64
		{4B99B996-4FBE-400C-B905-73ECA8BC2E7C}.Debug|x86.ActiveCfg = Debug|Any CPU
		{4B99B996-4FBE-400C-B905-73ECA8BC2E7C}.Debug|x86.Build.0 = Debug|Any CPU
		{4B99B996-4FBE-400C-B905-73ECA8BC2E7C}.Release|Any CPU.ActiveCfg = Release|Any CPU
		{4B99B996-4FBE-400C-B905-73ECA8BC2E7C}.Release|Any CPU.Build.0 = Release|Any CPU
		{4B99B996-4FBE-400C-B905-73ECA8BC2E7C}.Release|ARM.ActiveCfg = Release|Any CPU
		{4B99B996-4FBE-400C-B905-73ECA8BC2E7C}.Release|ARM.Build.0 = Release|Any CPU
		{4B99B996-4FBE-400C-B905-73ECA8BC2E7C}.Release|ARM64.ActiveCfg = Release|Any CPU
		{4B99B996-4FBE-400C-B905-73ECA8BC2E7C}.Release|ARM64.Build.0 = Release|Any CPU
		{4B99B996-4FBE-400C-B905-73ECA8BC2E7C}.Release|x64.ActiveCfg = Release|x64
		{4B99B996-4FBE-400C-B905-73ECA8BC2E7C}.Release|x64.Build.0 = Release|x64
		{4B99B996-4FBE-400C-B905-73ECA8BC2E7C}.Release|x86.ActiveCfg = Release|Any CPU
		{4B99B996-4FBE-400C-B905-73ECA8BC2E7C}.Release|x86.Build.0 = Release|Any CPU
		{EDB8E9A6-3F7B-45C3-B149-97B6A6D93B95}.Debug|Any CPU.ActiveCfg = Debug|Any CPU
		{EDB8E9A6-3F7B-45C3-B149-97B6A6D93B95}.Debug|Any CPU.Build.0 = Debug|Any CPU
		{EDB8E9A6-3F7B-45C3-B149-97B6A6D93B95}.Debug|Any CPU.Deploy.0 = Debug|Any CPU
		{EDB8E9A6-3F7B-45C3-B149-97B6A6D93B95}.Debug|ARM.ActiveCfg = Debug|ARM
		{EDB8E9A6-3F7B-45C3-B149-97B6A6D93B95}.Debug|ARM.Build.0 = Debug|ARM
		{EDB8E9A6-3F7B-45C3-B149-97B6A6D93B95}.Debug|ARM.Deploy.0 = Debug|ARM
		{EDB8E9A6-3F7B-45C3-B149-97B6A6D93B95}.Debug|ARM64.ActiveCfg = Debug|ARM64
		{EDB8E9A6-3F7B-45C3-B149-97B6A6D93B95}.Debug|ARM64.Build.0 = Debug|ARM64
		{EDB8E9A6-3F7B-45C3-B149-97B6A6D93B95}.Debug|ARM64.Deploy.0 = Debug|ARM64
		{EDB8E9A6-3F7B-45C3-B149-97B6A6D93B95}.Debug|x64.ActiveCfg = Debug|x64
		{EDB8E9A6-3F7B-45C3-B149-97B6A6D93B95}.Debug|x64.Build.0 = Debug|x64
		{EDB8E9A6-3F7B-45C3-B149-97B6A6D93B95}.Debug|x64.Deploy.0 = Debug|x64
		{EDB8E9A6-3F7B-45C3-B149-97B6A6D93B95}.Debug|x86.ActiveCfg = Debug|x86
		{EDB8E9A6-3F7B-45C3-B149-97B6A6D93B95}.Debug|x86.Build.0 = Debug|x86
		{EDB8E9A6-3F7B-45C3-B149-97B6A6D93B95}.Debug|x86.Deploy.0 = Debug|x86
		{EDB8E9A6-3F7B-45C3-B149-97B6A6D93B95}.Release|Any CPU.ActiveCfg = Release|Any CPU
		{EDB8E9A6-3F7B-45C3-B149-97B6A6D93B95}.Release|Any CPU.Build.0 = Release|Any CPU
		{EDB8E9A6-3F7B-45C3-B149-97B6A6D93B95}.Release|Any CPU.Deploy.0 = Release|Any CPU
		{EDB8E9A6-3F7B-45C3-B149-97B6A6D93B95}.Release|ARM.ActiveCfg = Release|ARM
		{EDB8E9A6-3F7B-45C3-B149-97B6A6D93B95}.Release|ARM.Build.0 = Release|ARM
		{EDB8E9A6-3F7B-45C3-B149-97B6A6D93B95}.Release|ARM.Deploy.0 = Release|ARM
		{EDB8E9A6-3F7B-45C3-B149-97B6A6D93B95}.Release|ARM64.ActiveCfg = Release|ARM64
		{EDB8E9A6-3F7B-45C3-B149-97B6A6D93B95}.Release|ARM64.Build.0 = Release|ARM64
		{EDB8E9A6-3F7B-45C3-B149-97B6A6D93B95}.Release|ARM64.Deploy.0 = Release|ARM64
		{EDB8E9A6-3F7B-45C3-B149-97B6A6D93B95}.Release|x64.ActiveCfg = Release|x64
		{EDB8E9A6-3F7B-45C3-B149-97B6A6D93B95}.Release|x64.Build.0 = Release|x64
		{EDB8E9A6-3F7B-45C3-B149-97B6A6D93B95}.Release|x64.Deploy.0 = Release|x64
		{EDB8E9A6-3F7B-45C3-B149-97B6A6D93B95}.Release|x86.ActiveCfg = Release|x86
		{EDB8E9A6-3F7B-45C3-B149-97B6A6D93B95}.Release|x86.Build.0 = Release|x86
		{EDB8E9A6-3F7B-45C3-B149-97B6A6D93B95}.Release|x86.Deploy.0 = Release|x86
		{954AE526-06C6-4B94-B4F7-826564DF5A80}.Debug|Any CPU.ActiveCfg = Debug|Any CPU
		{954AE526-06C6-4B94-B4F7-826564DF5A80}.Debug|Any CPU.Build.0 = Debug|Any CPU
		{954AE526-06C6-4B94-B4F7-826564DF5A80}.Debug|Any CPU.Deploy.0 = Debug|Any CPU
		{954AE526-06C6-4B94-B4F7-826564DF5A80}.Debug|ARM.ActiveCfg = Debug|ARM
		{954AE526-06C6-4B94-B4F7-826564DF5A80}.Debug|ARM.Build.0 = Debug|ARM
		{954AE526-06C6-4B94-B4F7-826564DF5A80}.Debug|ARM.Deploy.0 = Debug|ARM
		{954AE526-06C6-4B94-B4F7-826564DF5A80}.Debug|ARM64.ActiveCfg = Debug|ARM64
		{954AE526-06C6-4B94-B4F7-826564DF5A80}.Debug|ARM64.Build.0 = Debug|ARM64
		{954AE526-06C6-4B94-B4F7-826564DF5A80}.Debug|ARM64.Deploy.0 = Debug|ARM64
		{954AE526-06C6-4B94-B4F7-826564DF5A80}.Debug|x64.ActiveCfg = Debug|x64
		{954AE526-06C6-4B94-B4F7-826564DF5A80}.Debug|x64.Build.0 = Debug|x64
		{954AE526-06C6-4B94-B4F7-826564DF5A80}.Debug|x64.Deploy.0 = Debug|x64
		{954AE526-06C6-4B94-B4F7-826564DF5A80}.Debug|x86.ActiveCfg = Debug|x86
		{954AE526-06C6-4B94-B4F7-826564DF5A80}.Debug|x86.Build.0 = Debug|x86
		{954AE526-06C6-4B94-B4F7-826564DF5A80}.Debug|x86.Deploy.0 = Debug|x86
		{954AE526-06C6-4B94-B4F7-826564DF5A80}.Release|Any CPU.ActiveCfg = Release|Any CPU
		{954AE526-06C6-4B94-B4F7-826564DF5A80}.Release|Any CPU.Build.0 = Release|Any CPU
		{954AE526-06C6-4B94-B4F7-826564DF5A80}.Release|Any CPU.Deploy.0 = Release|Any CPU
		{954AE526-06C6-4B94-B4F7-826564DF5A80}.Release|ARM.ActiveCfg = Release|ARM
		{954AE526-06C6-4B94-B4F7-826564DF5A80}.Release|ARM.Build.0 = Release|ARM
		{954AE526-06C6-4B94-B4F7-826564DF5A80}.Release|ARM.Deploy.0 = Release|ARM
		{954AE526-06C6-4B94-B4F7-826564DF5A80}.Release|ARM64.ActiveCfg = Release|ARM64
		{954AE526-06C6-4B94-B4F7-826564DF5A80}.Release|ARM64.Build.0 = Release|ARM64
		{954AE526-06C6-4B94-B4F7-826564DF5A80}.Release|ARM64.Deploy.0 = Release|ARM64
		{954AE526-06C6-4B94-B4F7-826564DF5A80}.Release|x64.ActiveCfg = Release|x64
		{954AE526-06C6-4B94-B4F7-826564DF5A80}.Release|x64.Build.0 = Release|x64
		{954AE526-06C6-4B94-B4F7-826564DF5A80}.Release|x64.Deploy.0 = Release|x64
		{954AE526-06C6-4B94-B4F7-826564DF5A80}.Release|x86.ActiveCfg = Release|x86
		{954AE526-06C6-4B94-B4F7-826564DF5A80}.Release|x86.Build.0 = Release|x86
		{954AE526-06C6-4B94-B4F7-826564DF5A80}.Release|x86.Deploy.0 = Release|x86
	EndGlobalSection
	GlobalSection(SolutionProperties) = preSolution
		HideSolutionNode = FALSE
	EndGlobalSection
	GlobalSection(ExtensibilityGlobals) = postSolution
		SolutionGuid = {6A122370-0534-40C9-A003-ECCB3937F575}
	EndGlobalSection
EndGlobal
